{
  "name": "TravelTourBackEnd",
  "lockfileVersion": 3,
  "requires": true,
  "packages": {
    "": {
      "dependencies": {
        "angular": "^1.8.3",
        "angularjs": "^0.0.1"
      }
    },
    "node_modules/angular": {
      "version": "1.8.3",
      "resolved": "https://registry.npmjs.org/angular/-/angular-1.8.3.tgz",
      "integrity": "sha512-5qjkWIQQVsHj4Sb5TcEs4WZWpFeVFHXwxEBHUhrny41D8UrBAd6T/6nPPAsLngJCReIOqi95W3mxdveveutpZw==",
      "deprecated": "For the actively supported Angular, see https://www.npmjs.com/package/@angular/core. AngularJS support has officially ended. For extended AngularJS support options, see https://goo.gle/angularjs-path-forward."
    },
    "node_modules/angularjs": {
      "version": "0.0.1",
      "resolved": "https://registry.npmjs.org/angularjs/-/angularjs-0.0.1.tgz",
      "integrity": "sha512-ziiSzYguJBEGSiqy0OTM7FXUm/VJhvZuu8ORfxMQzd3scFTLZ0668S8/eS2sxgof8kl1qGlzkISd8WLc5r4cVg=="
    }
  }
}
